
Microsoft Visual Studio Solution File, Format Version 12.00
# Visual Studio Version 17
VisualStudioVersion = 17.2.32526.322
MinimumVisualStudioVersion = 10.0.40219.1
Project("{9A19103F-16F7-4668-BE54-9A1E7A4F7556}") = "IoC", "IoC\IoC.csproj", "{AD4BB457-75EA-4D03-8388-456E965D83AC}"
EndProject
Project("{2150E333-8FDC-42A3-9474-1A3956D46DE8}") = "Frontend", "Frontend", "{EFD69016-AF83-4EB9-BA0F-2F34725E6DE2}"
EndProject
Project("{9A19103F-16F7-4668-BE54-9A1E7A4F7556}") = "API", "Frontend\API\API.csproj", "{FD69BAA1-0903-4640-83AB-80787ECE9246}"
EndProject
Project("{9A19103F-16F7-4668-BE54-9A1E7A4F7556}") = "Logic", "Frontend\Logic\Logic.csproj", "{E94A6AFC-4B7B-433E-8F14-D42F8EB75252}"
EndProject
Project("{2150E333-8FDC-42A3-9474-1A3956D46DE8}") = "Solution Items", "Solution Items", "{89787936-78DC-49CF-80AB-A0E36FF3150B}"
	ProjectSection(SolutionItems) = preProject
		.github\workflows\main.yml = .github\workflows\main.yml
	EndProjectSection
EndProject
Project("{FAE04EC0-301F-11D3-BF4B-00C04F79EFBC}") = "Serilog.IoC", "Serilog.IoC\Serilog.IoC.csproj", "{0E63A420-E099-4B49-B815-84B7F1B1E0DB}"
EndProject
Project("{FAE04EC0-301F-11D3-BF4B-00C04F79EFBC}") = "SportRadar", "SportRadar\SportRadar.csproj", "{4930D7DA-DC28-43BE-A162-6E98D28327DF}"
EndProject
Project("{FAE04EC0-301F-11D3-BF4B-00C04F79EFBC}") = "SportRadar.Primitives", "SportRadar.Primitives\SportRadar.Primitives.csproj", "{12AE7370-A59F-479C-9DA8-B704F36CDD8D}"
EndProject
Project("{FAE04EC0-301F-11D3-BF4B-00C04F79EFBC}") = "Entities", "Frontend\Entities\Entities.csproj", "{837C7184-6D85-4245-957E-D74448984B34}"
EndProject
Project("{FAE04EC0-301F-11D3-BF4B-00C04F79EFBC}") = "DataAccessLayer", "Frontend\DataAccessLayer\DataAccessLayer.csproj", "{39AA8347-2852-4A56-BF8F-29C20E41B986}"
EndProject
Project("{FAE04EC0-301F-11D3-BF4B-00C04F79EFBC}") = "DataAccessLayer.Primitives", "Frontend\DataAccessLayer.Primitives\DataAccessLayer.Primitives.csproj", "{6B9EE690-99BB-4659-8169-15CAD3541BE5}"
EndProject
Global
	GlobalSection(SolutionConfigurationPlatforms) = preSolution
		Debug|Any CPU = Debug|Any CPU
		Release|Any CPU = Release|Any CPU
	EndGlobalSection
	GlobalSection(ProjectConfigurationPlatforms) = postSolution
		{AD4BB457-75EA-4D03-8388-456E965D83AC}.Debug|Any CPU.ActiveCfg = Debug|Any CPU
		{AD4BB457-75EA-4D03-8388-456E965D83AC}.Debug|Any CPU.Build.0 = Debug|Any CPU
		{AD4BB457-75EA-4D03-8388-456E965D83AC}.Release|Any CPU.ActiveCfg = Release|Any CPU
		{AD4BB457-75EA-4D03-8388-456E965D83AC}.Release|Any CPU.Build.0 = Release|Any CPU
		{FD69BAA1-0903-4640-83AB-80787ECE9246}.Debug|Any CPU.ActiveCfg = Debug|Any CPU
		{FD69BAA1-0903-4640-83AB-80787ECE9246}.Debug|Any CPU.Build.0 = Debug|Any CPU
		{FD69BAA1-0903-4640-83AB-80787ECE9246}.Release|Any CPU.ActiveCfg = Release|Any CPU
		{FD69BAA1-0903-4640-83AB-80787ECE9246}.Release|Any CPU.Build.0 = Release|Any CPU
		{E94A6AFC-4B7B-433E-8F14-D42F8EB75252}.Debug|Any CPU.ActiveCfg = Debug|Any CPU
		{E94A6AFC-4B7B-433E-8F14-D42F8EB75252}.Debug|Any CPU.Build.0 = Debug|Any CPU
		{E94A6AFC-4B7B-433E-8F14-D42F8EB75252}.Release|Any CPU.ActiveCfg = Release|Any CPU
		{E94A6AFC-4B7B-433E-8F14-D42F8EB75252}.Release|Any CPU.Build.0 = Release|Any CPU
		{0E63A420-E099-4B49-B815-84B7F1B1E0DB}.Debug|Any CPU.ActiveCfg = Debug|Any CPU
		{0E63A420-E099-4B49-B815-84B7F1B1E0DB}.Debug|Any CPU.Build.0 = Debug|Any CPU
		{0E63A420-E099-4B49-B815-84B7F1B1E0DB}.Release|Any CPU.ActiveCfg = Release|Any CPU
		{0E63A420-E099-4B49-B815-84B7F1B1E0DB}.Release|Any CPU.Build.0 = Release|Any CPU
		{4930D7DA-DC28-43BE-A162-6E98D28327DF}.Debug|Any CPU.ActiveCfg = Debug|Any CPU
		{4930D7DA-DC28-43BE-A162-6E98D28327DF}.Debug|Any CPU.Build.0 = Debug|Any CPU
		{4930D7DA-DC28-43BE-A162-6E98D28327DF}.Release|Any CPU.ActiveCfg = Release|Any CPU
		{4930D7DA-DC28-43BE-A162-6E98D28327DF}.Release|Any CPU.Build.0 = Release|Any CPU
		{12AE7370-A59F-479C-9DA8-B704F36CDD8D}.Debug|Any CPU.ActiveCfg = Debug|Any CPU
		{12AE7370-A59F-479C-9DA8-B704F36CDD8D}.Debug|Any CPU.Build.0 = Debug|Any CPU
		{12AE7370-A59F-479C-9DA8-B704F36CDD8D}.Release|Any CPU.ActiveCfg = Release|Any CPU
		{12AE7370-A59F-479C-9DA8-B704F36CDD8D}.Release|Any CPU.Build.0 = Release|Any CPU
		{837C7184-6D85-4245-957E-D74448984B34}.Debug|Any CPU.ActiveCfg = Debug|Any CPU
		{837C7184-6D85-4245-957E-D74448984B34}.Debug|Any CPU.Build.0 = Debug|Any CPU
		{837C7184-6D85-4245-957E-D74448984B34}.Release|Any CPU.ActiveCfg = Release|Any CPU
		{837C7184-6D85-4245-957E-D74448984B34}.Release|Any CPU.Build.0 = Release|Any CPU
		{39AA8347-2852-4A56-BF8F-29C20E41B986}.Debug|Any CPU.ActiveCfg = Debug|Any CPU
		{39AA8347-2852-4A56-BF8F-29C20E41B986}.Debug|Any CPU.Build.0 = Debug|Any CPU
		{39AA8347-2852-4A56-BF8F-29C20E41B986}.Release|Any CPU.ActiveCfg = Release|Any CPU
		{39AA8347-2852-4A56-BF8F-29C20E41B986}.Release|Any CPU.Build.0 = Release|Any CPU
		{6B9EE690-99BB-4659-8169-15CAD3541BE5}.Debug|Any CPU.ActiveCfg = Debug|Any CPU
		{6B9EE690-99BB-4659-8169-15CAD3541BE5}.Debug|Any CPU.Build.0 = Debug|Any CPU
		{6B9EE690-99BB-4659-8169-15CAD3541BE5}.Release|Any CPU.ActiveCfg = Release|Any CPU
		{6B9EE690-99BB-4659-8169-15CAD3541BE5}.Release|Any CPU.Build.0 = Release|Any CPU
	EndGlobalSection
	GlobalSection(SolutionProperties) = preSolution
		HideSolutionNode = FALSE
	EndGlobalSection
	GlobalSection(NestedProjects) = preSolution
		{FD69BAA1-0903-4640-83AB-80787ECE9246} = {EFD69016-AF83-4EB9-BA0F-2F34725E6DE2}
		{E94A6AFC-4B7B-433E-8F14-D42F8EB75252} = {EFD69016-AF83-4EB9-BA0F-2F34725E6DE2}
		{837C7184-6D85-4245-957E-D74448984B34} = {EFD69016-AF83-4EB9-BA0F-2F34725E6DE2}
		{39AA8347-2852-4A56-BF8F-29C20E41B986} = {EFD69016-AF83-4EB9-BA0F-2F34725E6DE2}
		{6B9EE690-99BB-4659-8169-15CAD3541BE5} = {EFD69016-AF83-4EB9-BA0F-2F34725E6DE2}
	EndGlobalSection
	GlobalSection(ExtensibilityGlobals) = postSolution
		SolutionGuid = {4161C6B7-E0CD-4EFA-899F-1CD990C2B204}
	EndGlobalSection
EndGlobal
